
Microsoft Visual Studio Solution File, Format Version 12.00
# Visual Studio 15
VisualStudioVersion = 15.0.26020.0
MinimumVisualStudioVersion = 10.0.40219.1
Project("{9A19103F-16F7-4668-BE54-9A1E7A4F7556}") = "ConsoleAppNetCore", "ConsoleAppNetCore\ConsoleAppNetCore.csproj", "{F5AB565A-CDAE-4C28-948D-5D3CDC0797C0}"
EndProject
Project("{9A19103F-16F7-4668-BE54-9A1E7A4F7556}") = "ClassLibraryNetStandard", "ClassLibraryNetStandard\ClassLibraryNetStandard.csproj", "{75D25145-7E79-4FBD-A8B7-98A25B415F89}"
EndProject
Project("{FAE04EC0-301F-11D3-BF4B-00C04F79EFBC}") = "ConsoleAppNetFramework", "ConsoleAppNetFramework\ConsoleAppNetFramework.csproj", "{16BE6CEA-0674-4E43-A799-5EB8FF1BC7ED}"
EndProject
Project("{FAE04EC0-301F-11D3-BF4B-00C04F79EFBC}") = "ClassLibraryNetFramework1", "ClassLibraryNetFramework1\ClassLibraryNetFramework1.csproj", "{59A17462-85AB-471E-83D1-1642D0CCAA3F}"
EndProject
Project("{FAE04EC0-301F-11D3-BF4B-00C04F79EFBC}") = "ClassLibraryNetFramework2", "ClassLibraryNetFramework2\ClassLibraryNetFramework2.csproj", "{9C5370B9-F041-4E92-8754-2CDCB028B041}"
EndProject
Global
	GlobalSection(SolutionConfigurationPlatforms) = preSolution
		Debug|Any CPU = Debug|Any CPU
		Debug|x64 = Debug|x64
		Debug|x86 = Debug|x86
		Release|Any CPU = Release|Any CPU
		Release|x64 = Release|x64
		Release|x86 = Release|x86
	EndGlobalSection
	GlobalSection(ProjectConfigurationPlatforms) = postSolution
		{F5AB565A-CDAE-4C28-948D-5D3CDC0797C0}.Debug|Any CPU.ActiveCfg = Debug|Any CPU
		{F5AB565A-CDAE-4C28-948D-5D3CDC0797C0}.Debug|Any CPU.Build.0 = Debug|Any CPU
		{F5AB565A-CDAE-4C28-948D-5D3CDC0797C0}.Debug|x64.ActiveCfg = Debug|Any CPU
		{F5AB565A-CDAE-4C28-948D-5D3CDC0797C0}.Debug|x64.Build.0 = Debug|Any CPU
		{F5AB565A-CDAE-4C28-948D-5D3CDC0797C0}.Debug|x86.ActiveCfg = Debug|Any CPU
		{F5AB565A-CDAE-4C28-948D-5D3CDC0797C0}.Debug|x86.Build.0 = Debug|Any CPU
		{F5AB565A-CDAE-4C28-948D-5D3CDC0797C0}.Release|Any CPU.ActiveCfg = Release|Any CPU
		{F5AB565A-CDAE-4C28-948D-5D3CDC0797C0}.Release|Any CPU.Build.0 = Release|Any CPU
		{F5AB565A-CDAE-4C28-948D-5D3CDC0797C0}.Release|x64.ActiveCfg = Release|Any CPU
		{F5AB565A-CDAE-4C28-948D-5D3CDC0797C0}.Release|x64.Build.0 = Release|Any CPU
		{F5AB565A-CDAE-4C28-948D-5D3CDC0797C0}.Release|x86.ActiveCfg = Release|Any CPU
		{F5AB565A-CDAE-4C28-948D-5D3CDC0797C0}.Release|x86.Build.0 = Release|Any CPU
		{75D25145-7E79-4FBD-A8B7-98A25B415F89}.Debug|Any CPU.ActiveCfg = Debug|Any CPU
		{75D25145-7E79-4FBD-A8B7-98A25B415F89}.Debug|Any CPU.Build.0 = Debug|Any CPU
		{75D25145-7E79-4FBD-A8B7-98A25B415F89}.Debug|x64.ActiveCfg = Debug|Any CPU
		{75D25145-7E79-4FBD-A8B7-98A25B415F89}.Debug|x64.Build.0 = Debug|Any CPU
		{75D25145-7E79-4FBD-A8B7-98A25B415F89}.Debug|x86.ActiveCfg = Debug|Any CPU
		{75D25145-7E79-4FBD-A8B7-98A25B415F89}.Debug|x86.Build.0 = Debug|Any CPU
		{75D25145-7E79-4FBD-A8B7-98A25B415F89}.Release|Any CPU.ActiveCfg = Release|Any CPU
		{75D25145-7E79-4FBD-A8B7-98A25B415F89}.Release|Any CPU.Build.0 = Release|Any CPU
		{75D25145-7E79-4FBD-A8B7-98A25B415F89}.Release|x64.ActiveCfg = Release|Any CPU
		{75D25145-7E79-4FBD-A8B7-98A25B415F89}.Release|x64.Build.0 = Release|Any CPU
		{75D25145-7E79-4FBD-A8B7-98A25B415F89}.Release|x86.ActiveCfg = Release|Any CPU
		{75D25145-7E79-4FBD-A8B7-98A25B415F89}.Release|x86.Build.0 = Release|Any CPU
		{16BE6CEA-0674-4E43-A799-5EB8FF1BC7ED}.Debug|Any CPU.ActiveCfg = Debug|Any CPU
		{16BE6CEA-0674-4E43-A799-5EB8FF1BC7ED}.Debug|Any CPU.Build.0 = Debug|Any CPU
		{16BE6CEA-0674-4E43-A799-5EB8FF1BC7ED}.Debug|x64.ActiveCfg = Debug|Any CPU
		{16BE6CEA-0674-4E43-A799-5EB8FF1BC7ED}.Debug|x64.Build.0 = Debug|Any CPU
		{16BE6CEA-0674-4E43-A799-5EB8FF1BC7ED}.Debug|x86.ActiveCfg = Debug|Any CPU
		{16BE6CEA-0674-4E43-A799-5EB8FF1BC7ED}.Debug|x86.Build.0 = Debug|Any CPU
		{16BE6CEA-0674-4E43-A799-5EB8FF1BC7ED}.Release|Any CPU.ActiveCfg = Release|Any CPU
		{16BE6CEA-0674-4E43-A799-5EB8FF1BC7ED}.Release|Any CPU.Build.0 = Release|Any CPU
		{16BE6CEA-0674-4E43-A799-5EB8FF1BC7ED}.Release|x64.ActiveCfg = Release|Any CPU
		{16BE6CEA-0674-4E43-A799-5EB8FF1BC7ED}.Release|x64.Build.0 = Release|Any CPU
		{16BE6CEA-0674-4E43-A799-5EB8FF1BC7ED}.Release|x86.ActiveCfg = Release|Any CPU
		{16BE6CEA-0674-4E43-A799-5EB8FF1BC7ED}.Release|x86.Build.0 = Release|Any CPU
		{59A17462-85AB-471E-83D1-1642D0CCAA3F}.Debug|Any CPU.ActiveCfg = Debug|Any CPU
		{59A17462-85AB-471E-83D1-1642D0CCAA3F}.Debug|Any CPU.Build.0 = Debug|Any CPU
		{59A17462-85AB-471E-83D1-1642D0CCAA3F}.Debug|x64.ActiveCfg = Debug|Any CPU
		{59A17462-85AB-471E-83D1-1642D0CCAA3F}.Debug|x64.Build.0 = Debug|Any CPU
		{59A17462-85AB-471E-83D1-1642D0CCAA3F}.Debug|x86.ActiveCfg = Debug|Any CPU
		{59A17462-85AB-471E-83D1-1642D0CCAA3F}.Debug|x86.Build.0 = Debug|Any CPU
		{59A17462-85AB-471E-83D1-1642D0CCAA3F}.Release|Any CPU.ActiveCfg = Release|Any CPU
		{59A17462-85AB-471E-83D1-1642D0CCAA3F}.Release|Any CPU.Build.0 = Release|Any CPU
		{59A17462-85AB-471E-83D1-1642D0CCAA3F}.Release|x64.ActiveCfg = Release|Any CPU
		{59A17462-85AB-471E-83D1-1642D0CCAA3F}.Release|x64.Build.0 = Release|Any CPU
		{59A17462-85AB-471E-83D1-1642D0CCAA3F}.Release|x86.ActiveCfg = Release|Any CPU
		{59A17462-85AB-471E-83D1-1642D0CCAA3F}.Release|x86.Build.0 = Release|Any CPU
		{9C5370B9-F041-4E92-8754-2CDCB028B041}.Debug|Any CPU.ActiveCfg = Debug|Any CPU
		{9C5370B9-F041-4E92-8754-2CDCB028B041}.Debug|Any CPU.Build.0 = Debug|Any CPU
		{9C5370B9-F041-4E92-8754-2CDCB028B041}.Debug|x64.ActiveCfg = Debug|Any CPU
		{9C5370B9-F041-4E92-8754-2CDCB028B041}.Debug|x64.Build.0 = Debug|Any CPU
		{9C5370B9-F041-4E92-8754-2CDCB028B041}.Debug|x86.ActiveCfg = Debug|Any CPU
		{9C5370B9-F041-4E92-8754-2CDCB028B041}.Debug|x86.Build.0 = Debug|Any CPU
		{9C5370B9-F041-4E92-8754-2CDCB028B041}.Release|Any CPU.ActiveCfg = Release|Any CPU
		{9C5370B9-F041-4E92-8754-2CDCB028B041}.Release|Any CPU.Build.0 = Release|Any CPU
		{9C5370B9-F041-4E92-8754-2CDCB028B041}.Release|x64.ActiveCfg = Release|Any CPU
		{9C5370B9-F041-4E92-8754-2CDCB028B041}.Release|x64.Build.0 = Release|Any CPU
		{9C5370B9-F041-4E92-8754-2CDCB028B041}.Release|x86.ActiveCfg = Release|Any CPU
		{9C5370B9-F041-4E92-8754-2CDCB028B041}.Release|x86.Build.0 = Release|Any CPU
	EndGlobalSection
	GlobalSection(SolutionProperties) = preSolution
		HideSolutionNode = FALSE
	EndGlobalSection
	GlobalSection(ExtensibilityGlobals) = postSolution
		SolutionGuid = {9DEA2894-8344-4017-BDB3-B28399E159EF}
	EndGlobalSection
EndGlobal
